
Microsoft Visual Studio Solution File, Format Version 12.00
# Visual Studio Version 17
VisualStudioVersion = 17.11.35222.181
MinimumVisualStudioVersion = 10.0.40219.1
Project("{FAE04EC0-301F-11D3-BF4B-00C04F79EFBC}") = "lqk_2022605650", "lqk_2022605650.csproj", "{317B1BC7-617E-4524-BBC8-467BE107CDB4}"
EndProject
Global
	GlobalSection(SolutionConfigurationPlatforms) = preSolution
		Debug|Any CPU = Debug|Any CPU
		Release|Any CPU = Release|Any CPU
	EndGlobalSection
	GlobalSection(ProjectConfigurationPlatforms) = postSolution
		{317B1BC7-617E-4524-BBC8-467BE107CDB4}.Debug|Any CPU.ActiveCfg = Debug|Any CPU
		{317B1BC7-617E-4524-BBC8-467BE107CDB4}.Debug|Any CPU.Build.0 = Debug|Any CPU
		{317B1BC7-617E-4524-BBC8-467BE107CDB4}.Release|Any CPU.ActiveCfg = Release|Any CPU
		{317B1BC7-617E-4524-BBC8-467BE107CDB4}.Release|Any CPU.Build.0 = Release|Any CPU
	EndGlobalSection
	GlobalSection(SolutionProperties) = preSolution
		HideSolutionNode = FALSE
	EndGlobalSection
	GlobalSection(ExtensibilityGlobals) = postSolution
		SolutionGuid = {B8F44CFA-2AF5-49EF-B3AA-3CB454AB154A}
	EndGlobalSection
EndGlobal
